
Microsoft Visual Studio Solution File, Format Version 12.00
# Visual Studio Version 17
VisualStudioVersion = 17.7.34003.232
MinimumVisualStudioVersion = 10.0.40219.1
Project("{FAE04EC0-301F-11D3-BF4B-00C04F79EFBC}") = "Test", "Test\Test.csproj", "{2EAA653B-7732-4ED2-8556-D461835245EF}"
EndProject
Global
	GlobalSection(SolutionConfigurationPlatforms) = preSolution
		Debug|Any CPU = Debug|Any CPU
		Release|Any CPU = Release|Any CPU
	EndGlobalSection
	GlobalSection(ProjectConfigurationPlatforms) = postSolution
		{2EAA653B-7732-4ED2-8556-D461835245EF}.Debug|Any CPU.ActiveCfg = Debug|Any CPU
		{2EAA653B-7732-4ED2-8556-D461835245EF}.Debug|Any CPU.Build.0 = Debug|Any CPU
		{2EAA653B-7732-4ED2-8556-D461835245EF}.Release|Any CPU.ActiveCfg = Release|Any CPU
		{2EAA653B-7732-4ED2-8556-D461835245EF}.Release|Any CPU.Build.0 = Release|Any CPU
	EndGlobalSection
	GlobalSection(SolutionProperties) = preSolution
		HideSolutionNode = FALSE
	EndGlobalSection
	GlobalSection(ExtensibilityGlobals) = postSolution
		SolutionGuid = {5B30CA0D-8FAC-46D5-AF6C-32DE002BC34B}
	EndGlobalSection
EndGlobal
